
Microsoft Visual Studio Solution File, Format Version 12.00
# Visual Studio 15
VisualStudioVersion = 15.0.27703.2047
MinimumVisualStudioVersion = 10.0.40219.1
Project("{8BC9CEB8-8B4A-11D0-8D11-00A0C91BC942}") = "blackhole-static", "blackhole-static.vcxproj", "{A14AD286-C080-4190-B39C-09A1571D28B9}"
EndProject
Project("{8BC9CEB8-8B4A-11D0-8D11-00A0C91BC942}") = "1.hello", "..\examples\1.hello.vcxproj", "{FC8DFD85-E75C-472A-81D8-FDCD107E9772}"
EndProject
Project("{8BC9CEB8-8B4A-11D0-8D11-00A0C91BC942}") = "2.simple", "..\examples\2.simple.vcxproj", "{FC8DFD85-E75C-472A-81D8-FDCD107E9773}"
EndProject
Project("{8BC9CEB8-8B4A-11D0-8D11-00A0C91BC942}") = "3.config", "..\examples\3.config.vcxproj", "{FC8DFD85-E75C-472A-81D8-FDCD107E9774}"
EndProject
Project("{8BC9CEB8-8B4A-11D0-8D11-00A0C91BC942}") = "4.config_facade", "..\examples\4.config_facade.vcxproj", "{FC8DFD85-E75C-472A-81D8-FDCD107E9775}"
EndProject
Project("{8BC9CEB8-8B4A-11D0-8D11-00A0C91BC942}") = "syslog-on-event-log", "..\foreign\syslog-on-event-log\syslog-on-event-log.vcxproj", "{27FE3157-43E8-41B0-BCC0-1EBD9776A4D4}"
EndProject
Global
	GlobalSection(SolutionConfigurationPlatforms) = preSolution
		Debug|x64 = Debug|x64
		Debug|x86 = Debug|x86
		Release|x64 = Release|x64
		Release|x86 = Release|x86
	EndGlobalSection
	GlobalSection(ProjectConfigurationPlatforms) = postSolution
		{A14AD286-C080-4190-B39C-09A1571D28B9}.Debug|x64.ActiveCfg = Debug|x64
		{A14AD286-C080-4190-B39C-09A1571D28B9}.Debug|x64.Build.0 = Debug|x64
		{A14AD286-C080-4190-B39C-09A1571D28B9}.Debug|x86.ActiveCfg = Debug|Win32
		{A14AD286-C080-4190-B39C-09A1571D28B9}.Debug|x86.Build.0 = Debug|Win32
		{A14AD286-C080-4190-B39C-09A1571D28B9}.Release|x64.ActiveCfg = Release|x64
		{A14AD286-C080-4190-B39C-09A1571D28B9}.Release|x64.Build.0 = Release|x64
		{A14AD286-C080-4190-B39C-09A1571D28B9}.Release|x86.ActiveCfg = Release|Win32
		{A14AD286-C080-4190-B39C-09A1571D28B9}.Release|x86.Build.0 = Release|Win32
		{FC8DFD85-E75C-472A-81D8-FDCD107E9772}.Debug|x64.ActiveCfg = Debug|x64
		{FC8DFD85-E75C-472A-81D8-FDCD107E9772}.Debug|x64.Build.0 = Debug|x64
		{FC8DFD85-E75C-472A-81D8-FDCD107E9772}.Debug|x86.ActiveCfg = Debug|Win32
		{FC8DFD85-E75C-472A-81D8-FDCD107E9772}.Debug|x86.Build.0 = Debug|Win32
		{FC8DFD85-E75C-472A-81D8-FDCD107E9772}.Release|x64.ActiveCfg = Release|x64
		{FC8DFD85-E75C-472A-81D8-FDCD107E9772}.Release|x64.Build.0 = Release|x64
		{FC8DFD85-E75C-472A-81D8-FDCD107E9772}.Release|x86.ActiveCfg = Release|Win32
		{FC8DFD85-E75C-472A-81D8-FDCD107E9772}.Release|x86.Build.0 = Release|Win32
		{FC8DFD85-E75C-472A-81D8-FDCD107E9773}.Debug|x64.ActiveCfg = Debug|x64
		{FC8DFD85-E75C-472A-81D8-FDCD107E9773}.Debug|x64.Build.0 = Debug|x64
		{FC8DFD85-E75C-472A-81D8-FDCD107E9773}.Debug|x86.ActiveCfg = Debug|Win32
		{FC8DFD85-E75C-472A-81D8-FDCD107E9773}.Debug|x86.Build.0 = Debug|Win32
		{FC8DFD85-E75C-472A-81D8-FDCD107E9773}.Release|x64.ActiveCfg = Release|x64
		{FC8DFD85-E75C-472A-81D8-FDCD107E9773}.Release|x64.Build.0 = Release|x64
		{FC8DFD85-E75C-472A-81D8-FDCD107E9773}.Release|x86.ActiveCfg = Release|Win32
		{FC8DFD85-E75C-472A-81D8-FDCD107E9773}.Release|x86.Build.0 = Release|Win32
		{FC8DFD85-E75C-472A-81D8-FDCD107E9774}.Debug|x64.ActiveCfg = Debug|x64
		{FC8DFD85-E75C-472A-81D8-FDCD107E9774}.Debug|x64.Build.0 = Debug|x64
		{FC8DFD85-E75C-472A-81D8-FDCD107E9774}.Debug|x86.ActiveCfg = Debug|Win32
		{FC8DFD85-E75C-472A-81D8-FDCD107E9774}.Debug|x86.Build.0 = Debug|Win32
		{FC8DFD85-E75C-472A-81D8-FDCD107E9774}.Release|x64.ActiveCfg = Release|x64
		{FC8DFD85-E75C-472A-81D8-FDCD107E9774}.Release|x64.Build.0 = Release|x64
		{FC8DFD85-E75C-472A-81D8-FDCD107E9774}.Release|x86.ActiveCfg = Release|Win32
		{FC8DFD85-E75C-472A-81D8-FDCD107E9774}.Release|x86.Build.0 = Release|Win32
		{FC8DFD85-E75C-472A-81D8-FDCD107E9775}.Debug|x64.ActiveCfg = Debug|x64
		{FC8DFD85-E75C-472A-81D8-FDCD107E9775}.Debug|x64.Build.0 = Debug|x64
		{FC8DFD85-E75C-472A-81D8-FDCD107E9775}.Debug|x86.ActiveCfg = Debug|Win32
		{FC8DFD85-E75C-472A-81D8-FDCD107E9775}.Debug|x86.Build.0 = Debug|Win32
		{FC8DFD85-E75C-472A-81D8-FDCD107E9775}.Release|x64.ActiveCfg = Release|x64
		{FC8DFD85-E75C-472A-81D8-FDCD107E9775}.Release|x64.Build.0 = Release|x64
		{FC8DFD85-E75C-472A-81D8-FDCD107E9775}.Release|x86.ActiveCfg = Release|Win32
		{FC8DFD85-E75C-472A-81D8-FDCD107E9775}.Release|x86.Build.0 = Release|Win32
		{27FE3157-43E8-41B0-BCC0-1EBD9776A4D4}.Debug|x64.ActiveCfg = Debug|x64
		{27FE3157-43E8-41B0-BCC0-1EBD9776A4D4}.Debug|x64.Build.0 = Debug|x64
		{27FE3157-43E8-41B0-BCC0-1EBD9776A4D4}.Debug|x86.ActiveCfg = Debug|Win32
		{27FE3157-43E8-41B0-BCC0-1EBD9776A4D4}.Debug|x86.Build.0 = Debug|Win32
		{27FE3157-43E8-41B0-BCC0-1EBD9776A4D4}.Release|x64.ActiveCfg = Release|x64
		{27FE3157-43E8-41B0-BCC0-1EBD9776A4D4}.Release|x64.Build.0 = Release|x64
		{27FE3157-43E8-41B0-BCC0-1EBD9776A4D4}.Release|x86.ActiveCfg = Release|Win32
		{27FE3157-43E8-41B0-BCC0-1EBD9776A4D4}.Release|x86.Build.0 = Release|Win32
	EndGlobalSection
	GlobalSection(SolutionProperties) = preSolution
		HideSolutionNode = FALSE
	EndGlobalSection
	GlobalSection(ExtensibilityGlobals) = postSolution
		SolutionGuid = {73F55753-2571-4E68-86CC-674E32639DB7}
	EndGlobalSection
EndGlobal
